// !$*UTF8*$!
{
	archiveVersion = 1;
	classes = {
	};
	objectVersion = 60;
	objects = {

/* Begin PBXBuildFile section */
		A10000000000000000000001 /* KeeLockerApp.swift in Sources */ = {isa = PBXBuildFile; fileRef = B10000000000000000000001 /* KeeLockerApp.swift */; };
		A10000000000000000000002 /* VaultItem.swift in Sources */ = {isa = PBXBuildFile; fileRef = B10000000000000000000002 /* VaultItem.swift */; };
		A10000000000000000000003 /* VaultStore.swift in Sources */ = {isa = PBXBuildFile; fileRef = B10000000000000000000003 /* VaultStore.swift */; };
		A10000000000000000000004 /* KeeTheme.swift in Sources */ = {isa = PBXBuildFile; fileRef = B10000000000000000000004 /* KeeTheme.swift */; };
		A10000000000000000000005 /* RootView.swift in Sources */ = {isa = PBXBuildFile; fileRef = B10000000000000000000005 /* RootView.swift */; };
		A10000000000000000000006 /* SidebarView.swift in Sources */ = {isa = PBXBuildFile; fileRef = B10000000000000000000006 /* SidebarView.swift */; };
		A10000000000000000000007 /* ItemListView.swift in Sources */ = {isa = PBXBuildFile; fileRef = B10000000000000000000007 /* ItemListView.swift */; };
		A10000000000000000000008 /* ItemDetailView.swift in Sources */ = {isa = PBXBuildFile; fileRef = B10000000000000000000008 /* ItemDetailView.swift */; };
		A10000000000000000000009 /* SettingsView.swift in Sources */ = {isa = PBXBuildFile; fileRef = B10000000000000000000009 /* SettingsView.swift */; };
		A1000000000000000000000A /* ToolbarActionGroup.swift in Sources */ = {isa = PBXBuildFile; fileRef = B1000000000000000000000D /* ToolbarActionGroup.swift */; };
		A1000000000000000000000B /* ItemSortOrder.swift in Sources */ = {isa = PBXBuildFile; fileRef = B1000000000000000000000E /* ItemSortOrder.swift */; };
		A20000000000000000000001 /* VaultStoreTests.swift in Sources */ = {isa = PBXBuildFile; fileRef = B20000000000000000000001 /* VaultStoreTests.swift */; };
		A30000000000000000000001 /* ToolbarHoverUITests.swift in Sources */ = {isa = PBXBuildFile; fileRef = B30000000000000000000001 /* ToolbarHoverUITests.swift */; };
		AA0000000000000000000000 = {isa = PBXBuildFile; fileRef = BB0000000000000000000000; };
		AA0000000000000000000001 = {isa = PBXBuildFile; fileRef = BB0000000000000000000001; };
		AA0000000000000000000002 = {isa = PBXBuildFile; fileRef = BB0000000000000000000002; };
		AA0000000000000000000003 = {isa = PBXBuildFile; fileRef = BB0000000000000000000003; };
		AA0000000000000000000008 = {isa = PBXBuildFile; fileRef = BB0000000000000000000008; };
		AB0000000000000000000000 = {isa = PBXBuildFile; fileRef = BC0000000000000000000000; };
		AB0000000000000000000001 = {isa = PBXBuildFile; fileRef = BC0000000000000000000001; };
		AB0000000000000000000002 = {isa = PBXBuildFile; fileRef = BC0000000000000000000002; };
		AD0000000000000000000000 = {isa = PBXBuildFile; fileRef = BD0000000000000000000000; };
		AD0000000000000000000001 = {isa = PBXBuildFile; fileRef = BD0000000000000000000001; };
		AD0000000000000000000002 = {isa = PBXBuildFile; fileRef = BD0000000000000000000002; };
/* End PBXBuildFile section */

/* Begin PBXContainerItemProxy section */
		120000000000000000000001 /* PBXContainerItemProxy */ = {
			isa = PBXContainerItemProxy;
			containerPortal = E10000000000000000000002 /* Project object */;
			proxyType = 1;
			remoteGlobalIDString = E10000000000000000000001;
			remoteInfo = KeeLocker;
		};
		120000000000000000000002 /* PBXContainerItemProxy */ = {
			isa = PBXContainerItemProxy;
			containerPortal = E10000000000000000000002 /* Project object */;
			proxyType = 1;
			remoteGlobalIDString = E10000000000000000000001;
			remoteInfo = KeeLocker;
		};
/* End PBXContainerItemProxy section */

/* Begin PBXFileReference section */
		B10000000000000000000001 /* KeeLockerApp.swift */ = {isa = PBXFileReference; lastKnownFileType = sourcecode.swift; path = KeeLockerApp.swift; sourceTree = "<group>"; };
		B10000000000000000000002 /* VaultItem.swift */ = {isa = PBXFileReference; lastKnownFileType = sourcecode.swift; path = VaultItem.swift; sourceTree = "<group>"; };
		B10000000000000000000003 /* VaultStore.swift */ = {isa = PBXFileReference; lastKnownFileType = sourcecode.swift; path = VaultStore.swift; sourceTree = "<group>"; };
		B10000000000000000000004 /* KeeTheme.swift */ = {isa = PBXFileReference; lastKnownFileType = sourcecode.swift; path = KeeTheme.swift; sourceTree = "<group>"; };
		B10000000000000000000005 /* RootView.swift */ = {isa = PBXFileReference; lastKnownFileType = sourcecode.swift; path = RootView.swift; sourceTree = "<group>"; };
		B10000000000000000000006 /* SidebarView.swift */ = {isa = PBXFileReference; lastKnownFileType = sourcecode.swift; path = SidebarView.swift; sourceTree = "<group>"; };
		B10000000000000000000007 /* ItemListView.swift */ = {isa = PBXFileReference; lastKnownFileType = sourcecode.swift; path = ItemListView.swift; sourceTree = "<group>"; };
		B10000000000000000000008 /* ItemDetailView.swift */ = {isa = PBXFileReference; lastKnownFileType = sourcecode.swift; path = ItemDetailView.swift; sourceTree = "<group>"; };
		B10000000000000000000009 /* SettingsView.swift */ = {isa = PBXFileReference; lastKnownFileType = sourcecode.swift; path = SettingsView.swift; sourceTree = "<group>"; };
		B1000000000000000000000A /* DESIGN.md */ = {isa = PBXFileReference; lastKnownFileType = net.daringfireball.markdown; path = DESIGN.md; sourceTree = SOURCE_ROOT; };
		B1000000000000000000000B /* README.md */ = {isa = PBXFileReference; lastKnownFileType = net.daringfireball.markdown; path = README.md; sourceTree = SOURCE_ROOT; };
		B1000000000000000000000C /* KeeLocker.app */ = {isa = PBXFileReference; explicitFileType = wrapper.application; includeInIndex = 0; path = KeeLocker.app; sourceTree = BUILT_PRODUCTS_DIR; };
		B1000000000000000000000D /* ToolbarActionGroup.swift */ = {isa = PBXFileReference; lastKnownFileType = sourcecode.swift; path = ToolbarActionGroup.swift; sourceTree = "<group>"; };
		B1000000000000000000000E /* ItemSortOrder.swift */ = {isa = PBXFileReference; lastKnownFileType = sourcecode.swift; path = ItemSortOrder.swift; sourceTree = "<group>"; };
		B20000000000000000000001 /* VaultStoreTests.swift */ = {isa = PBXFileReference; lastKnownFileType = sourcecode.swift; path = VaultStoreTests.swift; sourceTree = "<group>"; };
		B20000000000000000000002 /* KeeLockerTests.xctest */ = {isa = PBXFileReference; explicitFileType = wrapper.cfbundle; includeInIndex = 0; path = KeeLockerTests.xctest; sourceTree = BUILT_PRODUCTS_DIR; };
		B30000000000000000000001 /* ToolbarHoverUITests.swift */ = {isa = PBXFileReference; lastKnownFileType = sourcecode.swift; path = ToolbarHoverUITests.swift; sourceTree = "<group>"; };
		B30000000000000000000002 /* KeeLockerUITests.xctest */ = {isa = PBXFileReference; explicitFileType = wrapper.cfbundle; includeInIndex = 0; path = KeeLockerUITests.xctest; sourceTree = BUILT_PRODUCTS_DIR; };
		BB0000000000000000000000 = {isa = PBXFileReference; lastKnownFileType = sourcecode.swift; path = KeeLocker/Models/Vault.swift; sourceTree = SOURCE_ROOT; };
		BB0000000000000000000001 = {isa = PBXFileReference; lastKnownFileType = sourcecode.swift; path = KeeLocker/Data/VaultRepository.swift; sourceTree = SOURCE_ROOT; };
		BB0000000000000000000002 = {isa = PBXFileReference; lastKnownFileType = sourcecode.swift; path = KeeLocker/Data/Memory/MemoryVaultRepository.swift; sourceTree = SOURCE_ROOT; };
		BB0000000000000000000003 = {isa = PBXFileReference; lastKnownFileType = sourcecode.swift; path = KeeLocker/Data/VaultFileMonitor.swift; sourceTree = SOURCE_ROOT; };
		BB0000000000000000000008 = {isa = PBXFileReference; lastKnownFileType = sourcecode.swift; path = KeeLocker/Views/UnlockVaultView.swift; sourceTree = SOURCE_ROOT; };
		BC0000000000000000000000 = {isa = PBXFileReference; lastKnownFileType = sourcecode.swift; path = KeeLocker/Data/Rust/RustVaultRepository.swift; sourceTree = SOURCE_ROOT; };
		BC0000000000000000000001 = {isa = PBXFileReference; lastKnownFileType = sourcecode.swift; path = KeeLocker/Data/Rust/Generated/keelocker_core.swift; sourceTree = SOURCE_ROOT; };
		BC0000000000000000000002 = {isa = PBXFileReference; lastKnownFileType = sourcecode.swift; path = KeeLocker/Views/VaultCommands.swift; sourceTree = SOURCE_ROOT; };
		BD0000000000000000000000 = {isa = PBXFileReference; lastKnownFileType = sourcecode.swift; path = KeeLocker/Data/SessionQuickUnlock.swift; sourceTree = SOURCE_ROOT; };
		BD0000000000000000000001 = {isa = PBXFileReference; lastKnownFileType = sourcecode.swift; path = KeeLocker/Data/macOS/EnclaveQuickUnlockStorage.swift; sourceTree = SOURCE_ROOT; };
		BD0000000000000000000002 = {isa = PBXFileReference; lastKnownFileType = sourcecode.swift; path = QuickUnlockTests.swift; sourceTree = "<group>"; };
/* End PBXFileReference section */

/* Begin PBXFrameworksBuildPhase section */
		C10000000000000000000001 /* Frameworks */ = {
			isa = PBXFrameworksBuildPhase;
			buildActionMask = 2147483647;
			files = (
			);
			runOnlyForDeploymentPostprocessing = 0;
		};
		C20000000000000000000001 /* Frameworks */ = {
			isa = PBXFrameworksBuildPhase;
			buildActionMask = 2147483647;
			files = (
			);
			runOnlyForDeploymentPostprocessing = 0;
		};
		C30000000000000000000001 /* Frameworks */ = {
			isa = PBXFrameworksBuildPhase;
			buildActionMask = 2147483647;
			files = (
			);
			runOnlyForDeploymentPostprocessing = 0;
		};
/* End PBXFrameworksBuildPhase section */

/* Begin PBXGroup section */
		D10000000000000000000001 = {
			isa = PBXGroup;
			children = (
				D10000000000000000000002 /* KeeLocker */,
				D20000000000000000000001 /* KeeLockerTests */,
				D30000000000000000000001 /* KeeLockerUITests */,
				B1000000000000000000000A /* DESIGN.md */,
				B1000000000000000000000B /* README.md */,
				D10000000000000000000007 /* Products */,
			);
			sourceTree = "<group>";
		};
		D10000000000000000000002 /* KeeLocker */ = {
			isa = PBXGroup;
			children = (
				BC0000000000000000000000,
				BC0000000000000000000001,
				BC0000000000000000000002,
				BD0000000000000000000000,
				BD0000000000000000000001,
				BB0000000000000000000000,
				BB0000000000000000000001,
				BB0000000000000000000002,
				BB0000000000000000000003,
				BB0000000000000000000008,

				B10000000000000000000001 /* KeeLockerApp.swift */,
				D10000000000000000000003 /* Models */,
				D10000000000000000000004 /* Store */,
				D10000000000000000000005 /* Design */,
				D10000000000000000000006 /* Views */,
			);
			path = KeeLocker;
			sourceTree = "<group>";
		};
		D10000000000000000000003 /* Models */ = {
			isa = PBXGroup;
			children = (
				B10000000000000000000002 /* VaultItem.swift */,
				B1000000000000000000000E /* ItemSortOrder.swift */,
			);
			path = Models;
			sourceTree = "<group>";
		};
		D10000000000000000000004 /* Store */ = {
			isa = PBXGroup;
			children = (
				B10000000000000000000003 /* VaultStore.swift */,
			);
			path = Store;
			sourceTree = "<group>";
		};
		D10000000000000000000005 /* Design */ = {
			isa = PBXGroup;
			children = (
				B10000000000000000000004 /* KeeTheme.swift */,
			);
			path = Design;
			sourceTree = "<group>";
		};
		D10000000000000000000006 /* Views */ = {
			isa = PBXGroup;
			children = (
				B10000000000000000000005 /* RootView.swift */,
				B1000000000000000000000D /* ToolbarActionGroup.swift */,
				B10000000000000000000006 /* SidebarView.swift */,
				B10000000000000000000007 /* ItemListView.swift */,
				B10000000000000000000008 /* ItemDetailView.swift */,
				B10000000000000000000009 /* SettingsView.swift */,
			);
			path = Views;
			sourceTree = "<group>";
		};
		D10000000000000000000007 /* Products */ = {
			isa = PBXGroup;
			children = (
				B1000000000000000000000C /* KeeLocker.app */,
				B20000000000000000000002 /* KeeLockerTests.xctest */,
				B30000000000000000000002 /* KeeLockerUITests.xctest */,
			);
			name = Products;
			sourceTree = "<group>";
		};
		D20000000000000000000001 /* KeeLockerTests */ = {
			isa = PBXGroup;
			children = (
				B20000000000000000000001 /* VaultStoreTests.swift */,
				BD0000000000000000000002,
			);
			path = KeeLockerTests;
			sourceTree = "<group>";
		};
		D30000000000000000000001 /* KeeLockerUITests */ = {
			isa = PBXGroup;
			children = (
				B30000000000000000000001 /* ToolbarHoverUITests.swift */,
			);
			path = KeeLockerUITests;
			sourceTree = "<group>";
		};
/* End PBXGroup section */

/* Begin PBXNativeTarget section */
		E10000000000000000000001 /* KeeLocker */ = {
			isa = PBXNativeTarget;
			buildConfigurationList = F10000000000000000000002 /* Build configuration list for PBXNativeTarget "KeeLocker" */;
			buildPhases = (
				CD0000000000000000000001 /* Rust */,
				C10000000000000000000002 /* Sources */,
				C10000000000000000000001 /* Frameworks */,
				C10000000000000000000003 /* Resources */,
			);
			buildRules = (
			);
			dependencies = (
			);
			name = KeeLocker;
			productName = KeeLocker;
			productReference = B1000000000000000000000C /* KeeLocker.app */;
			productType = "com.apple.product-type.application";
		};
		E20000000000000000000001 /* KeeLockerTests */ = {
			isa = PBXNativeTarget;
			buildConfigurationList = F20000000000000000000001 /* Build configuration list for PBXNativeTarget "KeeLockerTests" */;
			buildPhases = (
				C20000000000000000000002 /* Sources */,
				C20000000000000000000001 /* Frameworks */,
				C20000000000000000000003 /* Resources */,
			);
			buildRules = (
			);
			dependencies = (
				130000000000000000000001 /* PBXTargetDependency */,
			);
			name = KeeLockerTests;
			productName = KeeLockerTests;
			productReference = B20000000000000000000002 /* KeeLockerTests.xctest */;
			productType = "com.apple.product-type.bundle.unit-test";
		};
		E30000000000000000000001 /* KeeLockerUITests */ = {
			isa = PBXNativeTarget;
			buildConfigurationList = F30000000000000000000001 /* Build configuration list for PBXNativeTarget "KeeLockerUITests" */;
			buildPhases = (
				C30000000000000000000002 /* Sources */,
				C30000000000000000000001 /* Frameworks */,
				C30000000000000000000003 /* Resources */,
			);
			buildRules = (
			);
			dependencies = (
				130000000000000000000002 /* PBXTargetDependency */,
			);
			name = KeeLockerUITests;
			productName = KeeLockerUITests;
			productReference = B30000000000000000000002 /* KeeLockerUITests.xctest */;
			productType = "com.apple.product-type.bundle.ui-testing";
		};
/* End PBXNativeTarget section */

/* Begin XCRemoteSwiftPackageReference section */
/* End XCRemoteSwiftPackageReference section */
/* Begin XCSwiftPackageProductDependency section */
/* End XCSwiftPackageProductDependency section */

/* Begin PBXProject section */
		E10000000000000000000002 /* Project object */ = {
			isa = PBXProject;
			attributes = {
				BuildIndependentTargetsInParallel = 1;
				LastSwiftUpdateCheck = 2660;
				LastUpgradeCheck = 2660;
				TargetAttributes = {
					E10000000000000000000001 = {
						CreatedOnToolsVersion = 26.0;
					};
					E20000000000000000000001 = {
						CreatedOnToolsVersion = 26.0;
						TestTargetID = E10000000000000000000001;
					};
					E30000000000000000000001 = {
						CreatedOnToolsVersion = 26.0;
						TestTargetID = E10000000000000000000001;
					};
				};
			};
			buildConfigurationList = F10000000000000000000001 /* Build configuration list for PBXProject "KeeLocker" */;
			compatibilityVersion = "Xcode 15.0";
			developmentRegion = en;
			hasScannedForEncodings = 0;
			knownRegions = (
				en,
				Base,
			);
			mainGroup = D10000000000000000000001;
			productRefGroup = D10000000000000000000007 /* Products */;
			projectDirPath = "";
			projectRoot = "";
			targets = (
				E10000000000000000000001 /* KeeLocker */,
				E20000000000000000000001 /* KeeLockerTests */,
				E30000000000000000000001 /* KeeLockerUITests */,
			);
		};
/* End PBXProject section */

/* Begin PBXResourcesBuildPhase section */
		C10000000000000000000003 /* Resources */ = {
			isa = PBXResourcesBuildPhase;
			buildActionMask = 2147483647;
			files = (
			);
			runOnlyForDeploymentPostprocessing = 0;
		};
		C20000000000000000000003 /* Resources */ = {
			isa = PBXResourcesBuildPhase;
			buildActionMask = 2147483647;
			files = (
			);
			runOnlyForDeploymentPostprocessing = 0;
		};
		C30000000000000000000003 /* Resources */ = {
			isa = PBXResourcesBuildPhase;
			buildActionMask = 2147483647;
			files = (
			);
			runOnlyForDeploymentPostprocessing = 0;
		};
/* End PBXResourcesBuildPhase section */

/* Begin PBXShellScriptBuildPhase section */
 CD0000000000000000000001 = {isa = PBXShellScriptBuildPhase; alwaysOutOfDate = 1; buildActionMask = 2147483647; files = (); inputPaths = (); outputPaths = ("$(BUILT_PRODUCTS_DIR)/libkeelocker_core.a"); runOnlyForDeploymentPostprocessing = 0; shellPath = /bin/bash; shellScript = "bash \"$SRCROOT/scripts/build-rust.sh\""; };
/* End PBXShellScriptBuildPhase section */
/* Begin PBXSourcesBuildPhase section */
		C10000000000000000000002 /* Sources */ = {
			isa = PBXSourcesBuildPhase;
			buildActionMask = 2147483647;
			files = (
				AB0000000000000000000000,
				AB0000000000000000000001,
				AB0000000000000000000002,
				AD0000000000000000000000,
				AD0000000000000000000001,
				AA0000000000000000000000,
				AA0000000000000000000001,
				AA0000000000000000000002,
				AA0000000000000000000003,
				AA0000000000000000000008,

				A10000000000000000000001 /* KeeLockerApp.swift in Sources */,
				A10000000000000000000002 /* VaultItem.swift in Sources */,
				A1000000000000000000000B /* ItemSortOrder.swift in Sources */,
				A10000000000000000000003 /* VaultStore.swift in Sources */,
				A10000000000000000000004 /* KeeTheme.swift in Sources */,
				A10000000000000000000005 /* RootView.swift in Sources */,
				A10000000000000000000006 /* SidebarView.swift in Sources */,
				A10000000000000000000007 /* ItemListView.swift in Sources */,
				A10000000000000000000008 /* ItemDetailView.swift in Sources */,
				A10000000000000000000009 /* SettingsView.swift in Sources */,
				A1000000000000000000000A /* ToolbarActionGroup.swift in Sources */,
			);
			runOnlyForDeploymentPostprocessing = 0;
		};
		C20000000000000000000002 /* Sources */ = {
			isa = PBXSourcesBuildPhase;
			buildActionMask = 2147483647;
			files = (
				A20000000000000000000001 /* VaultStoreTests.swift in Sources */,
				AD0000000000000000000002,
			);
			runOnlyForDeploymentPostprocessing = 0;
		};
		C30000000000000000000002 /* Sources */ = {
			isa = PBXSourcesBuildPhase;
			buildActionMask = 2147483647;
			files = (
				A30000000000000000000001 /* ToolbarHoverUITests.swift in Sources */,
			);
			runOnlyForDeploymentPostprocessing = 0;
		};
/* End PBXSourcesBuildPhase section */

/* Begin PBXTargetDependency section */
		130000000000000000000001 /* PBXTargetDependency */ = {
			isa = PBXTargetDependency;
			target = E10000000000000000000001 /* KeeLocker */;
			targetProxy = 120000000000000000000001 /* PBXContainerItemProxy */;
		};
		130000000000000000000002 /* PBXTargetDependency */ = {
			isa = PBXTargetDependency;
			target = E10000000000000000000001 /* KeeLocker */;
			targetProxy = 120000000000000000000002 /* PBXContainerItemProxy */;
		};
/* End PBXTargetDependency section */

/* Begin XCBuildConfiguration section */
		110000000000000000000001 /* Debug */ = {
			isa = XCBuildConfiguration;
			buildSettings = {
				ALWAYS_SEARCH_USER_PATHS = NO;
				CLANG_ANALYZER_NONNULL = YES;
				CLANG_ANALYZER_NUMBER_OBJECT_CONVERSION = YES_AGGRESSIVE;
				CLANG_CXX_LANGUAGE_STANDARD = "gnu++20";
				CLANG_ENABLE_MODULES = YES;
				CLANG_ENABLE_OBJC_ARC = YES;
				CLANG_WARN_BLOCK_CAPTURE_AUTORELEASING = YES;
				CLANG_WARN_BOOL_CONVERSION = YES;
				CLANG_WARN_COMMA = YES;
				CLANG_WARN_CONSTANT_CONVERSION = YES;
				CLANG_WARN_DEPRECATED_OBJC_IMPLEMENTATIONS = YES;
				CLANG_WARN_DIRECT_OBJC_ISA_USAGE = YES_ERROR;
				CLANG_WARN_DOCUMENTATION_COMMENTS = YES;
				CLANG_WARN_EMPTY_BODY = YES;
				CLANG_WARN_ENUM_CONVERSION = YES;
				CLANG_WARN_INFINITE_RECURSION = YES;
				CLANG_WARN_INT_CONVERSION = YES;
				CLANG_WARN_NON_LITERAL_NULL_CONVERSION = YES;
				CLANG_WARN_OBJC_IMPLICIT_RETAIN_SELF = YES;
				CLANG_WARN_OBJC_LITERAL_CONVERSION = YES;
				CLANG_WARN_RANGE_LOOP_ANALYSIS = YES;
				CLANG_WARN_STRICT_PROTOTYPES = YES;
				CLANG_WARN_SUSPICIOUS_MOVE = YES;
				CLANG_WARN_UNGUARDED_AVAILABILITY = YES_AGGRESSIVE;
				CLANG_WARN_UNREACHABLE_CODE = YES;
				CLANG_WARN__DUPLICATE_METHOD_MATCH = YES;
				COPY_PHASE_STRIP = NO;
				DEBUG_INFORMATION_FORMAT = dwarf;
				ENABLE_STRICT_OBJC_MSGSEND = YES;
				ENABLE_TESTABILITY = YES;
				GCC_C_LANGUAGE_STANDARD = gnu17;
				GCC_DYNAMIC_NO_PIC = NO;
				GCC_NO_COMMON_BLOCKS = YES;
				GCC_OPTIMIZATION_LEVEL = 0;
				GCC_PREPROCESSOR_DEFINITIONS = (
					"DEBUG=1",
					"$(inherited)",
				);
				GCC_WARN_64_TO_32_BIT_CONVERSION = YES;
				GCC_WARN_ABOUT_RETURN_TYPE = YES_ERROR;
				GCC_WARN_UNDECLARED_SELECTOR = YES;
				GCC_WARN_UNINITIALIZED_AUTOS = YES_AGGRESSIVE;
				GCC_WARN_UNUSED_FUNCTION = YES;
				GCC_WARN_UNUSED_VARIABLE = YES;
				LOCALIZATION_PREFERS_STRING_CATALOGS = YES;
				MACOSX_DEPLOYMENT_TARGET = 14.0;
				MTL_ENABLE_DEBUG_INFO = INCLUDE_SOURCE;
				MTL_FAST_MATH = YES;
				ONLY_ACTIVE_ARCH = YES;
				SDKROOT = macosx;
				SWIFT_ACTIVE_COMPILATION_CONDITIONS = "DEBUG $(inherited)";
				SWIFT_OPTIMIZATION_LEVEL = "-Onone";
		};
			name = Debug;
		};
		110000000000000000000002 /* Release */ = {
			isa = XCBuildConfiguration;
			buildSettings = {
				ALWAYS_SEARCH_USER_PATHS = NO;
				CLANG_ANALYZER_NONNULL = YES;
				CLANG_ANALYZER_NUMBER_OBJECT_CONVERSION = YES_AGGRESSIVE;
				CLANG_CXX_LANGUAGE_STANDARD = "gnu++20";
				CLANG_ENABLE_MODULES = YES;
				CLANG_ENABLE_OBJC_ARC = YES;
				CLANG_WARN_BLOCK_CAPTURE_AUTORELEASING = YES;
				CLANG_WARN_BOOL_CONVERSION = YES;
				CLANG_WARN_COMMA = YES;
				CLANG_WARN_CONSTANT_CONVERSION = YES;
				CLANG_WARN_DEPRECATED_OBJC_IMPLEMENTATIONS = YES;
				CLANG_WARN_DIRECT_OBJC_ISA_USAGE = YES_ERROR;
				CLANG_WARN_DOCUMENTATION_COMMENTS = YES;
				CLANG_WARN_EMPTY_BODY = YES;
				CLANG_WARN_ENUM_CONVERSION = YES;
				CLANG_WARN_INFINITE_RECURSION = YES;
				CLANG_WARN_INT_CONVERSION = YES;
				CLANG_WARN_NON_LITERAL_NULL_CONVERSION = YES;
				CLANG_WARN_OBJC_IMPLICIT_RETAIN_SELF = YES;
				CLANG_WARN_OBJC_LITERAL_CONVERSION = YES;
				CLANG_WARN_RANGE_LOOP_ANALYSIS = YES;
				CLANG_WARN_STRICT_PROTOTYPES = YES;
				CLANG_WARN_SUSPICIOUS_MOVE = YES;
				CLANG_WARN_UNGUARDED_AVAILABILITY = YES_AGGRESSIVE;
				CLANG_WARN_UNREACHABLE_CODE = YES;
				CLANG_WARN__DUPLICATE_METHOD_MATCH = YES;
				COPY_PHASE_STRIP = NO;
				DEBUG_INFORMATION_FORMAT = "dwarf-with-dsym";
				ENABLE_NS_ASSERTIONS = NO;
				ENABLE_STRICT_OBJC_MSGSEND = YES;
				GCC_C_LANGUAGE_STANDARD = gnu17;
				GCC_NO_COMMON_BLOCKS = YES;
				GCC_WARN_64_TO_32_BIT_CONVERSION = YES;
				GCC_WARN_ABOUT_RETURN_TYPE = YES_ERROR;
				GCC_WARN_UNDECLARED_SELECTOR = YES;
				GCC_WARN_UNINITIALIZED_AUTOS = YES_AGGRESSIVE;
				GCC_WARN_UNUSED_FUNCTION = YES;
				GCC_WARN_UNUSED_VARIABLE = YES;
				LOCALIZATION_PREFERS_STRING_CATALOGS = YES;
				MACOSX_DEPLOYMENT_TARGET = 14.0;
				MTL_ENABLE_DEBUG_INFO = NO;
				MTL_FAST_MATH = YES;
				SDKROOT = macosx;
				SWIFT_COMPILATION_MODE = wholemodule;
		};
			name = Release;
		};
		110000000000000000000003 /* Debug */ = {
			isa = XCBuildConfiguration;
			buildSettings = {
				CODE_SIGN_STYLE = Automatic;
				COMBINE_HIDPI_IMAGES = YES;
 ENABLE_USER_SCRIPT_SANDBOXING = NO;
 OTHER_LDFLAGS = ("$(inherited)", "$(BUILT_PRODUCTS_DIR)/libkeelocker_core.a", "-framework", Security, "-framework", SystemConfiguration);
				CURRENT_PROJECT_VERSION = 1;
				DEAD_CODE_STRIPPING = YES;
				ENABLE_HARDENED_RUNTIME = YES;
				ENABLE_PREVIEWS = YES;
				GENERATE_INFOPLIST_FILE = YES;
				INFOPLIST_KEY_CFBundleDisplayName = KeeLocker;
				INFOPLIST_KEY_LSApplicationCategoryType = "public.app-category.productivity";
				INFOPLIST_KEY_NSHighResolutionCapable = YES;
				LD_RUNPATH_SEARCH_PATHS = (
					"$(inherited)",
					"@executable_path/../Frameworks",
				);
				MARKETING_VERSION = 0.1.0;
				PRODUCT_BUNDLE_IDENTIFIER = com.keelocker.desktop;
				PRODUCT_NAME = "$(TARGET_NAME)";
				REGISTER_APP_GROUPS = NO;
				SWIFT_EMIT_LOC_STRINGS = YES;
				SWIFT_STRICT_CONCURRENCY = targeted;
				SWIFT_VERSION = 5.0;
 SWIFT_INCLUDE_PATHS = "$(SRCROOT)/KeeLocker/Data/Rust/Generated";
			};
			name = Debug;
		};
		110000000000000000000004 /* Release */ = {
			isa = XCBuildConfiguration;
			buildSettings = {
				CODE_SIGN_STYLE = Automatic;
				COMBINE_HIDPI_IMAGES = YES;
 ENABLE_USER_SCRIPT_SANDBOXING = NO;
 OTHER_LDFLAGS = ("$(inherited)", "$(BUILT_PRODUCTS_DIR)/libkeelocker_core.a", "-framework", Security, "-framework", SystemConfiguration);
				CURRENT_PROJECT_VERSION = 1;
				DEAD_CODE_STRIPPING = YES;
				ENABLE_HARDENED_RUNTIME = YES;
				ENABLE_PREVIEWS = YES;
				GENERATE_INFOPLIST_FILE = YES;
				INFOPLIST_KEY_CFBundleDisplayName = KeeLocker;
				INFOPLIST_KEY_LSApplicationCategoryType = "public.app-category.productivity";
				INFOPLIST_KEY_NSHighResolutionCapable = YES;
				LD_RUNPATH_SEARCH_PATHS = (
					"$(inherited)",
					"@executable_path/../Frameworks",
				);
				MARKETING_VERSION = 0.1.0;
				PRODUCT_BUNDLE_IDENTIFIER = com.keelocker.desktop;
				PRODUCT_NAME = "$(TARGET_NAME)";
				REGISTER_APP_GROUPS = NO;
				SWIFT_EMIT_LOC_STRINGS = YES;
				SWIFT_STRICT_CONCURRENCY = targeted;
				SWIFT_VERSION = 5.0;
 SWIFT_INCLUDE_PATHS = "$(SRCROOT)/KeeLocker/Data/Rust/Generated";
			};
			name = Release;
		};
		210000000000000000000001 /* Debug */ = {
			isa = XCBuildConfiguration;
			buildSettings = {
				BUNDLE_LOADER = "$(TEST_HOST)";
				CODE_SIGN_STYLE = Automatic;
				GENERATE_INFOPLIST_FILE = YES;
				MACOSX_DEPLOYMENT_TARGET = 14.0;
				PRODUCT_BUNDLE_IDENTIFIER = com.keelocker.desktop.tests;
				PRODUCT_NAME = "$(TARGET_NAME)";
				SWIFT_VERSION = 5.0;
 SWIFT_INCLUDE_PATHS = "$(SRCROOT)/KeeLocker/Data/Rust/Generated";
				TEST_HOST = "$(BUILT_PRODUCTS_DIR)/KeeLocker.app/Contents/MacOS/KeeLocker";
			};
			name = Debug;
		};
		210000000000000000000002 /* Release */ = {
			isa = XCBuildConfiguration;
			buildSettings = {
				BUNDLE_LOADER = "$(TEST_HOST)";
				CODE_SIGN_STYLE = Automatic;
				GENERATE_INFOPLIST_FILE = YES;
				MACOSX_DEPLOYMENT_TARGET = 14.0;
				PRODUCT_BUNDLE_IDENTIFIER = com.keelocker.desktop.tests;
				PRODUCT_NAME = "$(TARGET_NAME)";
				SWIFT_VERSION = 5.0;
 SWIFT_INCLUDE_PATHS = "$(SRCROOT)/KeeLocker/Data/Rust/Generated";
				TEST_HOST = "$(BUILT_PRODUCTS_DIR)/KeeLocker.app/Contents/MacOS/KeeLocker";
			};
			name = Release;
		};
		310000000000000000000001 /* Debug */ = {
			isa = XCBuildConfiguration;
			buildSettings = {
				CODE_SIGN_STYLE = Automatic;
				GENERATE_INFOPLIST_FILE = YES;
				MACOSX_DEPLOYMENT_TARGET = 14.0;
				PRODUCT_BUNDLE_IDENTIFIER = com.keelocker.desktop.uitests;
				PRODUCT_NAME = "$(TARGET_NAME)";
				SWIFT_VERSION = 5.0;
 SWIFT_INCLUDE_PATHS = "$(SRCROOT)/KeeLocker/Data/Rust/Generated";
				TEST_TARGET_NAME = KeeLocker;
			};
			name = Debug;
		};
		310000000000000000000002 /* Release */ = {
			isa = XCBuildConfiguration;
			buildSettings = {
				CODE_SIGN_STYLE = Automatic;
				GENERATE_INFOPLIST_FILE = YES;
				MACOSX_DEPLOYMENT_TARGET = 14.0;
				PRODUCT_BUNDLE_IDENTIFIER = com.keelocker.desktop.uitests;
				PRODUCT_NAME = "$(TARGET_NAME)";
				SWIFT_VERSION = 5.0;
 SWIFT_INCLUDE_PATHS = "$(SRCROOT)/KeeLocker/Data/Rust/Generated";
				TEST_TARGET_NAME = KeeLocker;
			};
			name = Release;
		};
/* End XCBuildConfiguration section */

/* Begin XCConfigurationList section */
		F10000000000000000000001 /* Build configuration list for PBXProject "KeeLocker" */ = {
			isa = XCConfigurationList;
			buildConfigurations = (
				110000000000000000000001 /* Debug */,
				110000000000000000000002 /* Release */,
			);
			defaultConfigurationIsVisible = 0;
			defaultConfigurationName = Release;
		};
		F10000000000000000000002 /* Build configuration list for PBXNativeTarget "KeeLocker" */ = {
			isa = XCConfigurationList;
			buildConfigurations = (
				110000000000000000000003 /* Debug */,
				110000000000000000000004 /* Release */,
			);
			defaultConfigurationIsVisible = 0;
			defaultConfigurationName = Release;
		};
		F20000000000000000000001 /* Build configuration list for PBXNativeTarget "KeeLockerTests" */ = {
			isa = XCConfigurationList;
			buildConfigurations = (
				210000000000000000000001 /* Debug */,
				210000000000000000000002 /* Release */,
			);
			defaultConfigurationIsVisible = 0;
			defaultConfigurationName = Release;
		};
		F30000000000000000000001 /* Build configuration list for PBXNativeTarget "KeeLockerUITests" */ = {
			isa = XCConfigurationList;
			buildConfigurations = (
				310000000000000000000001 /* Debug */,
				310000000000000000000002 /* Release */,
			);
			defaultConfigurationIsVisible = 0;
			defaultConfigurationName = Release;
		};
/* End XCConfigurationList section */
	};
	rootObject = E10000000000000000000002 /* Project object */;
}
